
Microsoft Visual Studio Solution File, Format Version 12.00
# Visual Studio Version 16
VisualStudioVersion = 16.0.32929.386
MinimumVisualStudioVersion = 10.0.40219.1
Project("{9A19103F-16F7-4668-BE54-9A1E7A4F7556}") = "Lab3", "Lab3.csproj", "{63F81C6E-F7BD-48CA-8071-66C7442322DA}"
EndProject
Project("{9A19103F-16F7-4668-BE54-9A1E7A4F7556}") = "Lab1", "..\Lab1\Lab1.csproj", "{6BA562F0-3362-492D-B3A0-59508F6CA779}"
EndProject
Global
	GlobalSection(SolutionConfigurationPlatforms) = preSolution
		Debug|Any CPU = Debug|Any CPU
		Release|Any CPU = Release|Any CPU
	EndGlobalSection
	GlobalSection(ProjectConfigurationPlatforms) = postSolution
		{63F81C6E-F7BD-48CA-8071-66C7442322DA}.Debug|Any CPU.ActiveCfg = Debug|Any CPU
		{63F81C6E-F7BD-48CA-8071-66C7442322DA}.Debug|Any CPU.Build.0 = Debug|Any CPU
		{63F81C6E-F7BD-48CA-8071-66C7442322DA}.Release|Any CPU.ActiveCfg = Release|Any CPU
		{63F81C6E-F7BD-48CA-8071-66C7442322DA}.Release|Any CPU.Build.0 = Release|Any CPU
		{6BA562F0-3362-492D-B3A0-59508F6CA779}.Debug|Any CPU.ActiveCfg = Debug|Any CPU
		{6BA562F0-3362-492D-B3A0-59508F6CA779}.Debug|Any CPU.Build.0 = Debug|Any CPU
		{6BA562F0-3362-492D-B3A0-59508F6CA779}.Release|Any CPU.ActiveCfg = Release|Any CPU
		{6BA562F0-3362-492D-B3A0-59508F6CA779}.Release|Any CPU.Build.0 = Release|Any CPU
	EndGlobalSection
	GlobalSection(SolutionProperties) = preSolution
		HideSolutionNode = FALSE
	EndGlobalSection
	GlobalSection(ExtensibilityGlobals) = postSolution
		SolutionGuid = {BACCBFF5-95CC-4BAC-BF45-94A6DDB5A1F8}
	EndGlobalSection
EndGlobal
